
Microsoft Visual Studio Solution File, Format Version 12.00
# Visual Studio Version 16
VisualStudioVersion = 16.0.29806.167
MinimumVisualStudioVersion = 10.0.40219.1
Project("{FAE04EC0-301F-11D3-BF4B-00C04F79EFBC}") = "LeetCode 30 Day Challenge", "LeetCode 30 Day Challenge\LeetCode 30 Day Challenge.csproj", "{1139005A-E87C-49D3-A395-1A49A224E01C}"
EndProject
Global
	GlobalSection(SolutionConfigurationPlatforms) = preSolution
		Debug|Any CPU = Debug|Any CPU
		Release|Any CPU = Release|Any CPU
	EndGlobalSection
	GlobalSection(ProjectConfigurationPlatforms) = postSolution
		{1139005A-E87C-49D3-A395-1A49A224E01C}.Debug|Any CPU.ActiveCfg = Debug|Any CPU
		{1139005A-E87C-49D3-A395-1A49A224E01C}.Debug|Any CPU.Build.0 = Debug|Any CPU
		{1139005A-E87C-49D3-A395-1A49A224E01C}.Release|Any CPU.ActiveCfg = Release|Any CPU
		{1139005A-E87C-49D3-A395-1A49A224E01C}.Release|Any CPU.Build.0 = Release|Any CPU
	EndGlobalSection
	GlobalSection(SolutionProperties) = preSolution
		HideSolutionNode = FALSE
	EndGlobalSection
	GlobalSection(ExtensibilityGlobals) = postSolution
		SolutionGuid = {D4F01B92-80D4-46DA-A8D8-CEC4BF77050D}
	EndGlobalSection
EndGlobal
